# THIS IS AN AUTOGENERATED FILE. DO NOT EDIT THIS FILE DIRECTLY.
# yarn lockfile v1


hono@^4.0.0:
  version "4.11.3"
  resolved "https://jfrog-proxy.tekioncloud.xyz/artifactory/api/npm/rpe-virtual-npm/hono/-/hono-4.11.3.tgz#4ddd985d50944b527feea930c6d0a6e80fdebc66"
  integrity sha512-PmQi306+M/ct/m5s66Hrg+adPnkD5jiO6IjA7WhWw0gSBSo1EcRegwuI1deZ+wd5pzCGynCcn2DprnE4/yEV4w==
